#http://ronmar.co/ha/2017/03/10/Ultimate-Alarm-Clock/

component:
  name: Alarm Clock
  # generate id from normalizing name or specifying directly
  id: alarm_clock

  input_boolean:
    ${id}_status:
      initial: on

  sensor:
    - platform: time_date
      display_options:
        - 'time'
    - platform: template
      sensors:
        ${id}_hour:
          value_template: '{{ states.input_slider.${id}_hour.state | int }}'
        ${id}_minute:
          value_template: '{{ states.input_slider.${id}_minute.state | int }}'
        ${id}_time:
          value_template: >-
            {{ states.sensor.${id}_hour.state }}:
            {%- if states.sensor.${id}_minute.state|length == 1 -%}
              0
            {%- endif -%}
              {{ states.sensor.${id}_minute.state }}
        ${id}_time_long:
          value_template: >-
            {% if states.sensor.${id}_hour.state|length == 1 -%}
              0
            {%- endif -%}
              {{ states.sensor.${id}_hour.state }}:
            {%- if states.sensor.${id}_minute.state|length == 1 -%}
              0
            {%- endif -%}
              {{ states.sensor.${id}_minute.state }}

  group:
  # Alarm clock
    ${id}:
      name: 'Alarm Clock'
      entities:
        - sensor.${id}_time
        - input_slider.${id}_hour
        - input_slider.${id}_minute
        - input_boolean.${id}_status

  customize:
      # Alarm clock sensors
      sensor.time:
        hidden: true
      sensor.${id}_hour:
        hidden: true
      sensor.${id}_minute:
        hidden: true
      sensor.${id}_time_long:
        hidden: true
      sensor.${id}_time:
        friendly_name: ${name}' Setting'
        icon: mdi:alarm
      # Alarm clock inputs
      input_slider.${id}_hour:
        friendly_name: 'Hour'
        icon: mdi:timer
      input_slider.${id}_minute:
        friendly_name: 'Minute'
        icon: mdi:timer
      input_boolean.${id}_status:
        friendly_name: ${name}' Status'
        icon: mdi:alarm-check

  script:
    wake_up:
      sequence:
        - service: light.turn_on
          data: 
            entity_id: light.lux_lamp
            brightness: 255
            transition: 10
        - service: homeassistant.turn_off
          entity_id: switch.smart_switch1

  automation:
    - alias: 'Hue light on gradually with alarm'
      hide_entity: False
      trigger:
        platform: template
        value_template: '{{ states.sensor.time.state == states.sensor.${id}_time_long.state }}'
      condition:
        condition: state
        entity_id: input_boolean.${id}_status
        state: 'on'
      action:
        service: script.wake_up
